# This file is automatically @generated by Cargo.
# It is not intended for manual editing.
version = 4

[[package]]
name = "deranged"
version = "0.5.4"
source = "registry+https://github.com/rust-lang/crates.io-index"
checksum = "a41953f86f8a05768a6cda24def994fd2f424b04ec5c719cf89989779f199071"

[[package]]
name = "lotl-ast"
version = "0.1.0"

[[package]]
name = "lotl-error"
version = "0.1.0"

[[package]]
name = "lotl-lexer"
version = "0.1.0"
dependencies = [
 "lotl-error",
 "lotl-token",
]

[[package]]
name = "lotl-llvm"
version = "0.1.0"
dependencies = [
 "deranged",
]

[[package]]
name = "lotl-token"
version = "0.1.0"
dependencies = [
 "lotl-error",
]
